// !$*UTF8*$!
{
	archiveVersion = 1;
	classes = {
	};
	objectVersion = 46;
	objects = {

/* Begin PBXBuildFile section */
		18C772F71DBC60990004C61F /* main.m in Sources */ = {isa = PBXBuildFile; fileRef = 18C772F61DBC60990004C61F /* main.m */; };
		18C772FA1DBC60990004C61F /* AppDelegate.m in Sources */ = {isa = PBXBuildFile; fileRef = 18C772F91DBC60990004C61F /* AppDelegate.m */; };
		18C772FD1DBC60990004C61F /* ViewController.m in Sources */ = {isa = PBXBuildFile; fileRef = 18C772FC1DBC60990004C61F /* ViewController.m */; };
		18C773001DBC60990004C61F /* Main.storyboard in Resources */ = {isa = PBXBuildFile; fileRef = 18C772FE1DBC60990004C61F /* Main.storyboard */; };
		18C773021DBC60990004C61F /* Assets.xcassets in Resources */ = {isa = PBXBuildFile; fileRef = 18C773011DBC60990004C61F /* Assets.xcassets */; };
		18C773051DBC60990004C61F /* LaunchScreen.storyboard in Resources */ = {isa = PBXBuildFile; fileRef = 18C773031DBC60990004C61F /* LaunchScreen.storyboard */; };
		18C7730F1DBC62AD0004C61F /* DownLoaderOperation.m in Sources */ = {isa = PBXBuildFile; fileRef = 18C7730E1DBC62AD0004C61F /* DownLoaderOperation.m */; };
/* End PBXBuildFile section */

/* Begin PBXFileReference section */
		18C772F21DBC60990004C61F /* DWebImage.app */ = {isa = PBXFileReference; explicitFileType = wrapper.application; includeInIndex = 0; path = DWebImage.app; sourceTree = BUILT_PRODUCTS_DIR; };
		18C772F61DBC60990004C61F /* main.m */ = {isa = PBXFileReference; lastKnownFileType = sourcecode.c.objc; path = main.m; sourceTree = "<group>"; };
		18C772F81DBC60990004C61F /* AppDelegate.h */ = {isa = PBXFileReference; lastKnownFileType = sourcecode.c.h; path = AppDelegate.h; sourceTree = "<group>"; };
		18C772F91DBC60990004C61F /* AppDelegate.m */ = {isa = PBXFileReference; lastKnownFileType = sourcecode.c.objc; path = AppDelegate.m; sourceTree = "<group>"; };
		18C772FB1DBC60990004C61F /* ViewController.h */ = {isa = PBXFileReference; lastKnownFileType = sourcecode.c.h; path = ViewController.h; sourceTree = "<group>"; };
		18C772FC1DBC60990004C61F /* ViewController.m */ = {isa = PBXFileReference; lastKnownFileType = sourcecode.c.objc; path = ViewController.m; sourceTree = "<group>"; };
		18C772FF1DBC60990004C61F /* Base */ = {isa = PBXFileReference; lastKnownFileType = file.storyboard; name = Base; path = Base.lproj/Main.storyboard; sourceTree = "<group>"; };
		18C773011DBC60990004C61F /* Assets.xcassets */ = {isa = PBXFileReference; lastKnownFileType = folder.assetcatalog; path = Assets.xcassets; sourceTree = "<group>"; };
		18C773041DBC60990004C61F /* Base */ = {isa = PBXFileReference; lastKnownFileType = file.storyboard; name = Base; path = Base.lproj/LaunchScreen.storyboard; sourceTree = "<group>"; };
		18C773061DBC60990004C61F /* Info.plist */ = {isa = PBXFileReference; lastKnownFileType = text.plist.xml; path = Info.plist; sourceTree = "<group>"; };
		18C7730D1DBC62AD0004C61F /* DownLoaderOperation.h */ = {isa = PBXFileReference; fileEncoding = 4; lastKnownFileType = sourcecode.c.h; path = DownLoaderOperation.h; sourceTree = "<group>"; };
		18C7730E1DBC62AD0004C61F /* DownLoaderOperation.m */ = {isa = PBXFileReference; fileEncoding = 4; lastKnownFileType = sourcecode.c.objc; path = DownLoaderOperation.m; sourceTree = "<group>"; };
/* End PBXFileReference section */

/* Begin PBXFrameworksBuildPhase section */
		18C772EF1DBC60990004C61F /* Frameworks */ = {
			isa = PBXFrameworksBuildPhase;
			buildActionMask = 2147483647;
			files = (
			);
			runOnlyForDeploymentPostprocessing = 0;
		};
/* End PBXFrameworksBuildPhase section */

/* Begin PBXGroup section */
		18C772E91DBC60990004C61F = {
			isa = PBXGroup;
			children = (
				18C772F41DBC60990004C61F /* DWebImage */,
				18C772F31DBC60990004C61F /* Products */,
			);
			sourceTree = "<group>";
		};
		18C772F31DBC60990004C61F /* Products */ = {
			isa = PBXGroup;
			children = (
				18C772F21DBC60990004C61F /* DWebImage.app */,
			);
			name = Products;
			sourceTree = "<group>";
		};
		18C772F41DBC60990004C61F /* DWebImage */ = {
			isa = PBXGroup;
			children = (
				18C7730C1DBC62890004C61F /* D-WebImage */,
				18C772F81DBC60990004C61F /* AppDelegate.h */,
				18C772F91DBC60990004C61F /* AppDelegate.m */,
				18C772FB1DBC60990004C61F /* ViewController.h */,
				18C772FC1DBC60990004C61F /* ViewController.m */,
				18C772FE1DBC60990004C61F /* Main.storyboard */,
				18C773011DBC60990004C61F /* Assets.xcassets */,
				18C773031DBC60990004C61F /* LaunchScreen.storyboard */,
				18C773061DBC60990004C61F /* Info.plist */,
				18C772F51DBC60990004C61F /* Supporting Files */,
			);
			path = DWebImage;
			sourceTree = "<group>";
		};
		18C772F51DBC60990004C61F /* Supporting Files */ = {
			isa = PBXGroup;
			children = (
				18C772F61DBC60990004C61F /* main.m */,
			);
			name = "Supporting Files";
			sourceTree = "<group>";
		};
		18C7730C1DBC62890004C61F /* D-WebImage */ = {
			isa = PBXGroup;
			children = (
				18C7730D1DBC62AD0004C61F /* DownLoaderOperation.h */,
				18C7730E1DBC62AD0004C61F /* DownLoaderOperation.m */,
			);
			path = "D-WebImage";
			sourceTree = "<group>";
		};
/* End PBXGroup section */

/* Begin PBXNativeTarget section */
		18C772F11DBC60990004C61F /* DWebImage */ = {
			isa = PBXNativeTarget;
			buildConfigurationList = 18C773091DBC60990004C61F /* Build configuration list for PBXNativeTarget "DWebImage" */;
			buildPhases = (
				18C772EE1DBC60990004C61F /* Sources */,
				18C772EF1DBC60990004C61F /* Frameworks */,
				18C772F01DBC60990004C61F /* Resources */,
			);
			buildRules = (
			);
			dependencies = (
			);
			name = DWebImage;
			productName = DWebImage;
			productReference = 18C772F21DBC60990004C61F /* DWebImage.app */;
			productType = "com.apple.product-type.application";
		};
/* End PBXNativeTarget section */

/* Begin PBXProject section */
		18C772EA1DBC60990004C61F /* Project object */ = {
			isa = PBXProject;
			attributes = {
				LastUpgradeCheck = 0800;
				ORGANIZATIONNAME = "董立权";
				TargetAttributes = {
					18C772F11DBC60990004C61F = {
						CreatedOnToolsVersion = 8.0;
						DevelopmentTeam = 4Q3V767D49;
						ProvisioningStyle = Automatic;
					};
				};
			};
			buildConfigurationList = 18C772ED1DBC60990004C61F /* Build configuration list for PBXProject "DWebImage" */;
			compatibilityVersion = "Xcode 3.2";
			developmentRegion = English;
			hasScannedForEncodings = 0;
			knownRegions = (
				en,
				Base,
			);
			mainGroup = 18C772E91DBC60990004C61F;
			productRefGroup = 18C772F31DBC60990004C61F /* Products */;
			projectDirPath = "";
			projectRoot = "";
			targets = (
				18C772F11DBC60990004C61F /* DWebImage */,
			);
		};
/* End PBXProject section */

/* Begin PBXResourcesBuildPhase section */
		18C772F01DBC60990004C61F /* Resources */ = {
			isa = PBXResourcesBuildPhase;
			buildActionMask = 2147483647;
			files = (
				18C773051DBC60990004C61F /* LaunchScreen.storyboard in Resources */,
				18C773021DBC60990004C61F /* Assets.xcassets in Resources */,
				18C773001DBC60990004C61F /* Main.storyboard in Resources */,
			);
			runOnlyForDeploymentPostprocessing = 0;
		};
/* End PBXResourcesBuildPhase section */

/* Begin PBXSourcesBuildPhase section */
		18C772EE1DBC60990004C61F /* Sources */ = {
			isa = PBXSourcesBuildPhase;
			buildActionMask = 2147483647;
			files = (
				18C7730F1DBC62AD0004C61F /* DownLoaderOperation.m in Sources */,
				18C772FD1DBC60990004C61F /* ViewController.m in Sources */,
				18C772FA1DBC60990004C61F /* AppDelegate.m in Sources */,
				18C772F71DBC60990004C61F /* main.m in Sources */,
			);
			runOnlyForDeploymentPostprocessing = 0;
		};
/* End PBXSourcesBuildPhase section */

/* Begin PBXVariantGroup section */
		18C772FE1DBC60990004C61F /* Main.storyboard */ = {
			isa = PBXVariantGroup;
			children = (
				18C772FF1DBC60990004C61F /* Base */,
			);
			name = Main.storyboard;
			sourceTree = "<group>";
		};
		18C773031DBC60990004C61F /* LaunchScreen.storyboard */ = {
			isa = PBXVariantGroup;
			children = (
				18C773041DBC60990004C61F /* Base */,
			);
			name = LaunchScreen.storyboard;
			sourceTree = "<group>";
		};
/* End PBXVariantGroup section */

/* Begin XCBuildConfiguration section */
		18C773071DBC60990004C61F /* Debug */ = {
			isa = XCBuildConfiguration;
			buildSettings = {
				ALWAYS_SEARCH_USER_PATHS = NO;
				CLANG_ANALYZER_NONNULL = YES;
				CLANG_CXX_LANGUAGE_STANDARD = "gnu++0x";
				CLANG_CXX_LIBRARY = "libc++";
				CLANG_ENABLE_MODULES = YES;
				CLANG_ENABLE_OBJC_ARC = YES;
				CLANG_WARN_BOOL_CONVERSION = YES;
				CLANG_WARN_CONSTANT_CONVERSION = YES;
				CLANG_WARN_DIRECT_OBJC_ISA_USAGE = YES_ERROR;
				CLANG_WARN_DOCUMENTATION_COMMENTS = YES;
				CLANG_WARN_EMPTY_BODY = YES;
				CLANG_WARN_ENUM_CONVERSION = YES;
				CLANG_WARN_INFINITE_RECURSION = YES;
				CLANG_WARN_INT_CONVERSION = YES;
				CLANG_WARN_OBJC_ROOT_CLASS = YES_ERROR;
				CLANG_WARN_SUSPICIOUS_MOVES = YES;
				CLANG_WARN_UNREACHABLE_CODE = YES;
				CLANG_WARN__DUPLICATE_METHOD_MATCH = YES;
				"CODE_SIGN_IDENTITY[sdk=iphoneos*]" = "iPhone Developer";
				COPY_PHASE_STRIP = NO;
				DEBUG_INFORMATION_FORMAT = dwarf;
				ENABLE_STRICT_OBJC_MSGSEND = YES;
				ENABLE_TESTABILITY = YES;
				GCC_C_LANGUAGE_STANDARD = gnu99;
				GCC_DYNAMIC_NO_PIC = NO;
				GCC_NO_COMMON_BLOCKS = YES;
				GCC_OPTIMIZATION_LEVEL = 0;
				GCC_PREPROCESSOR_DEFINITIONS = (
					"DEBUG=1",
					"$(inherited)",
				);
				GCC_WARN_64_TO_32_BIT_CONVERSION = YES;
				GCC_WARN_ABOUT_RETURN_TYPE = YES_ERROR;
				GCC_WARN_UNDECLARED_SELECTOR = YES;
				GCC_WARN_UNINITIALIZED_AUTOS = YES_AGGRESSIVE;
				GCC_WARN_UNUSED_FUNCTION = YES;
				GCC_WARN_UNUSED_VARIABLE = YES;
				IPHONEOS_DEPLOYMENT_TARGET = 10.0;
				MTL_ENABLE_DEBUG_INFO = YES;
				ONLY_ACTIVE_ARCH = YES;
				SDKROOT = iphoneos;
			};
			name = Debug;
		};
		18C773081DBC60990004C61F /* Release */ = {
			isa = XCBuildConfiguration;
			buildSettings = {
				ALWAYS_SEARCH_USER_PATHS = NO;
				CLANG_ANALYZER_NONNULL = YES;
				CLANG_CXX_LANGUAGE_STANDARD = "gnu++0x";
				CLANG_CXX_LIBRARY = "libc++";
				CLANG_ENABLE_MODULES = YES;
				CLANG_ENABLE_OBJC_ARC = YES;
				CLANG_WARN_BOOL_CONVERSION = YES;
				CLANG_WARN_CONSTANT_CONVERSION = YES;
				CLANG_WARN_DIRECT_OBJC_ISA_USAGE = YES_ERROR;
				CLANG_WARN_DOCUMENTATION_COMMENTS = YES;
				CLANG_WARN_EMPTY_BODY = YES;
				CLANG_WARN_ENUM_CONVERSION = YES;
				CLANG_WARN_INFINITE_RECURSION = YES;
				CLANG_WARN_INT_CONVERSION = YES;
				CLANG_WARN_OBJC_ROOT_CLASS = YES_ERROR;
				CLANG_WARN_SUSPICIOUS_MOVES = YES;
				CLANG_WARN_UNREACHABLE_CODE = YES;
				CLANG_WARN__DUPLICATE_METHOD_MATCH = YES;
				"CODE_SIGN_IDENTITY[sdk=iphoneos*]" = "iPhone Developer";
				COPY_PHASE_STRIP = NO;
				DEBUG_INFORMATION_FORMAT = "dwarf-with-dsym";
				ENABLE_NS_ASSERTIONS = NO;
				ENABLE_STRICT_OBJC_MSGSEND = YES;
				GCC_C_LANGUAGE_STANDARD = gnu99;
				GCC_NO_COMMON_BLOCKS = YES;
				GCC_WARN_64_TO_32_BIT_CONVERSION = YES;
				GCC_WARN_ABOUT_RETURN_TYPE = YES_ERROR;
				GCC_WARN_UNDECLARED_SELECTOR = YES;
				GCC_WARN_UNINITIALIZED_AUTOS = YES_AGGRESSIVE;
				GCC_WARN_UNUSED_FUNCTION = YES;
				GCC_WARN_UNUSED_VARIABLE = YES;
				IPHONEOS_DEPLOYMENT_TARGET = 10.0;
				MTL_ENABLE_DEBUG_INFO = NO;
				SDKROOT = iphoneos;
				VALIDATE_PRODUCT = YES;
			};
			name = Release;
		};
		18C7730A1DBC60990004C61F /* Debug */ = {
			isa = XCBuildConfiguration;
			buildSettings = {
				ASSETCATALOG_COMPILER_APPICON_NAME = AppIcon;
				DEVELOPMENT_TEAM = 4Q3V767D49;
				INFOPLIST_FILE = DWebImage/Info.plist;
				LD_RUNPATH_SEARCH_PATHS = "$(inherited) @executable_path/Frameworks";
				PRODUCT_BUNDLE_IDENTIFIER = com.dong.DWebImage;
				PRODUCT_NAME = "$(TARGET_NAME)";
			};
			name = Debug;
		};
		18C7730B1DBC60990004C61F /* Release */ = {
			isa = XCBuildConfiguration;
			buildSettings = {
				ASSETCATALOG_COMPILER_APPICON_NAME = AppIcon;
				DEVELOPMENT_TEAM = 4Q3V767D49;
				INFOPLIST_FILE = DWebImage/Info.plist;
				LD_RUNPATH_SEARCH_PATHS = "$(inherited) @executable_path/Frameworks";
				PRODUCT_BUNDLE_IDENTIFIER = com.dong.DWebImage;
				PRODUCT_NAME = "$(TARGET_NAME)";
			};
			name = Release;
		};
/* End XCBuildConfiguration section */

/* Begin XCConfigurationList section */
		18C772ED1DBC60990004C61F /* Build configuration list for PBXProject "DWebImage" */ = {
			isa = XCConfigurationList;
			buildConfigurations = (
				18C773071DBC60990004C61F /* Debug */,
				18C773081DBC60990004C61F /* Release */,
			);
			defaultConfigurationIsVisible = 0;
			defaultConfigurationName = Release;
		};
		18C773091DBC60990004C61F /* Build configuration list for PBXNativeTarget "DWebImage" */ = {
			isa = XCConfigurationList;
			buildConfigurations = (
				18C7730A1DBC60990004C61F /* Debug */,
				18C7730B1DBC60990004C61F /* Release */,
			);
			defaultConfigurationIsVisible = 0;
		};
/* End XCConfigurationList section */
	};
	rootObject = 18C772EA1DBC60990004C61F /* Project object */;
}
